
Microsoft Visual Studio Solution File, Format Version 12.00
# Visual Studio Version 16
VisualStudioVersion = 16.0.31129.286
MinimumVisualStudioVersion = 10.0.40219.1
Project("{FAE04EC0-301F-11D3-BF4B-00C04F79EFBC}") = "CookieClicker Regression", "CookieClicker Regression.csproj", "{90806B87-E603-4360-9AD6-4026B1A1D0C3}"
EndProject
Global
	GlobalSection(SolutionConfigurationPlatforms) = preSolution
		Debug|Any CPU = Debug|Any CPU
		Release|Any CPU = Release|Any CPU
	EndGlobalSection
	GlobalSection(ProjectConfigurationPlatforms) = postSolution
		{90806B87-E603-4360-9AD6-4026B1A1D0C3}.Debug|Any CPU.ActiveCfg = Debug|Any CPU
		{90806B87-E603-4360-9AD6-4026B1A1D0C3}.Debug|Any CPU.Build.0 = Debug|Any CPU
		{90806B87-E603-4360-9AD6-4026B1A1D0C3}.Release|Any CPU.ActiveCfg = Release|Any CPU
		{90806B87-E603-4360-9AD6-4026B1A1D0C3}.Release|Any CPU.Build.0 = Release|Any CPU
	EndGlobalSection
	GlobalSection(SolutionProperties) = preSolution
		HideSolutionNode = FALSE
	EndGlobalSection
	GlobalSection(ExtensibilityGlobals) = postSolution
		SolutionGuid = {D2B344E4-8353-438B-96C9-577B636916DC}
	EndGlobalSection
EndGlobal
